
Microsoft Visual Studio Solution File, Format Version 12.00
# Visual Studio Version 16
VisualStudioVersion = 16.0.30907.101
MinimumVisualStudioVersion = 10.0.40219.1
Project("{FAE04EC0-301F-11D3-BF4B-00C04F79EFBC}") = "Solution.Website", "Solution.Website\Solution.Website.csproj", "{D5B62FD8-855F-4495-B448-29D2113DA29E}"
EndProject
Project("{FAE04EC0-301F-11D3-BF4B-00C04F79EFBC}") = "Solution.WebAPI", "Solution.WebAPI\Solution.WebAPI.csproj", "{9DE0027B-3699-4363-88FC-E60030F1A680}"
EndProject
Project("{FAE04EC0-301F-11D3-BF4B-00C04F79EFBC}") = "Solution.Data", "Solution.Data\Solution.Data.csproj", "{0134EEA3-EF12-4087-9DB9-C92D8FBAF5A5}"
EndProject
Global
	GlobalSection(SolutionConfigurationPlatforms) = preSolution
		Debug|Any CPU = Debug|Any CPU
		Release|Any CPU = Release|Any CPU
	EndGlobalSection
	GlobalSection(ProjectConfigurationPlatforms) = postSolution
		{D5B62FD8-855F-4495-B448-29D2113DA29E}.Debug|Any CPU.ActiveCfg = Debug|Any CPU
		{D5B62FD8-855F-4495-B448-29D2113DA29E}.Debug|Any CPU.Build.0 = Debug|Any CPU
		{D5B62FD8-855F-4495-B448-29D2113DA29E}.Release|Any CPU.ActiveCfg = Release|Any CPU
		{D5B62FD8-855F-4495-B448-29D2113DA29E}.Release|Any CPU.Build.0 = Release|Any CPU
		{9DE0027B-3699-4363-88FC-E60030F1A680}.Debug|Any CPU.ActiveCfg = Debug|Any CPU
		{9DE0027B-3699-4363-88FC-E60030F1A680}.Debug|Any CPU.Build.0 = Debug|Any CPU
		{9DE0027B-3699-4363-88FC-E60030F1A680}.Release|Any CPU.ActiveCfg = Release|Any CPU
		{9DE0027B-3699-4363-88FC-E60030F1A680}.Release|Any CPU.Build.0 = Release|Any CPU
		{0134EEA3-EF12-4087-9DB9-C92D8FBAF5A5}.Debug|Any CPU.ActiveCfg = Debug|Any CPU
		{0134EEA3-EF12-4087-9DB9-C92D8FBAF5A5}.Debug|Any CPU.Build.0 = Debug|Any CPU
		{0134EEA3-EF12-4087-9DB9-C92D8FBAF5A5}.Release|Any CPU.ActiveCfg = Release|Any CPU
		{0134EEA3-EF12-4087-9DB9-C92D8FBAF5A5}.Release|Any CPU.Build.0 = Release|Any CPU
	EndGlobalSection
	GlobalSection(SolutionProperties) = preSolution
		HideSolutionNode = FALSE
	EndGlobalSection
	GlobalSection(ExtensibilityGlobals) = postSolution
		SolutionGuid = {A79DB876-8D80-4FAE-B763-258E22661702}
	EndGlobalSection
EndGlobal
