
Microsoft Visual Studio Solution File, Format Version 12.00
# Visual Studio Version 16
VisualStudioVersion = 16.0.29709.97
MinimumVisualStudioVersion = 10.0.40219.1
Project("{FAE04EC0-301F-11D3-BF4B-00C04F79EFBC}") = "Tutorial.ConsoleApp1", "Tutorial.ConsoleApp1.csproj", "{358D1C4C-35B7-4C07-9393-A3FBBAACE134}"
EndProject
Project("{FAE04EC0-301F-11D3-BF4B-00C04F79EFBC}") = "Tutorial.ConsoleApp2", "..\Tutorial.ConsoleApp2\Tutorial.ConsoleApp2.csproj", "{DAA04004-F5D4-434E-B89C-AA1F9D23C461}"
EndProject
Project("{FAE04EC0-301F-11D3-BF4B-00C04F79EFBC}") = "Tutorial.ClassLib1", "..\Tutorial.ClassLib1\Tutorial.ClassLib1.csproj", "{A38551F4-32AB-4DE4-956F-D1B9507693ED}"
EndProject
Project("{FAE04EC0-301F-11D3-BF4B-00C04F79EFBC}") = "Tutorial.ConsoleApp3", "..\Tutorial.ConsoleApp3\Tutorial.ConsoleApp3.csproj", "{88EA5DAD-AB6B-460C-9042-8A3917FD3423}"
EndProject
Global
	GlobalSection(SolutionConfigurationPlatforms) = preSolution
		Debug|Any CPU = Debug|Any CPU
		Release|Any CPU = Release|Any CPU
	EndGlobalSection
	GlobalSection(ProjectConfigurationPlatforms) = postSolution
		{358D1C4C-35B7-4C07-9393-A3FBBAACE134}.Debug|Any CPU.ActiveCfg = Debug|Any CPU
		{358D1C4C-35B7-4C07-9393-A3FBBAACE134}.Debug|Any CPU.Build.0 = Debug|Any CPU
		{358D1C4C-35B7-4C07-9393-A3FBBAACE134}.Release|Any CPU.ActiveCfg = Release|Any CPU
		{358D1C4C-35B7-4C07-9393-A3FBBAACE134}.Release|Any CPU.Build.0 = Release|Any CPU
		{DAA04004-F5D4-434E-B89C-AA1F9D23C461}.Debug|Any CPU.ActiveCfg = Debug|Any CPU
		{DAA04004-F5D4-434E-B89C-AA1F9D23C461}.Debug|Any CPU.Build.0 = Debug|Any CPU
		{DAA04004-F5D4-434E-B89C-AA1F9D23C461}.Release|Any CPU.ActiveCfg = Release|Any CPU
		{DAA04004-F5D4-434E-B89C-AA1F9D23C461}.Release|Any CPU.Build.0 = Release|Any CPU
		{A38551F4-32AB-4DE4-956F-D1B9507693ED}.Debug|Any CPU.ActiveCfg = Debug|Any CPU
		{A38551F4-32AB-4DE4-956F-D1B9507693ED}.Debug|Any CPU.Build.0 = Debug|Any CPU
		{A38551F4-32AB-4DE4-956F-D1B9507693ED}.Release|Any CPU.ActiveCfg = Release|Any CPU
		{A38551F4-32AB-4DE4-956F-D1B9507693ED}.Release|Any CPU.Build.0 = Release|Any CPU
		{88EA5DAD-AB6B-460C-9042-8A3917FD3423}.Debug|Any CPU.ActiveCfg = Debug|Any CPU
		{88EA5DAD-AB6B-460C-9042-8A3917FD3423}.Debug|Any CPU.Build.0 = Debug|Any CPU
		{88EA5DAD-AB6B-460C-9042-8A3917FD3423}.Release|Any CPU.ActiveCfg = Release|Any CPU
		{88EA5DAD-AB6B-460C-9042-8A3917FD3423}.Release|Any CPU.Build.0 = Release|Any CPU
	EndGlobalSection
	GlobalSection(SolutionProperties) = preSolution
		HideSolutionNode = FALSE
	EndGlobalSection
	GlobalSection(ExtensibilityGlobals) = postSolution
		SolutionGuid = {07DCCFB3-799E-419C-95D0-315DFBAFBA04}
	EndGlobalSection
EndGlobal
